
Microsoft Visual Studio Solution File, Format Version 12.00
# Visual Studio Version 17
VisualStudioVersion = 17.9.34616.47
MinimumVisualStudioVersion = 10.0.40219.1
Project("{2150E333-8FDC-42A3-9474-1A3956D46DE8}") = "Itens de Solução", "Itens de Solução", "{48B20311-78EC-46F8-8BFE-D7DFDEE73E5F}"
	ProjectSection(SolutionItems) = preProject
		.gitignore = .gitignore
		README.md = README.md
	EndProjectSection
EndProject
Project("{9A19103F-16F7-4668-BE54-9A1E7A4F7556}") = "Services", "Services\Services.csproj", "{2EE82166-5AF0-47BC-A188-55E81C1F699B}"
EndProject
Project("{9A19103F-16F7-4668-BE54-9A1E7A4F7556}") = "WebTools", "WebTools\WebTools.csproj", "{5A25D4BF-56BF-460A-8A27-0308D82D1022}"
EndProject
Global
	GlobalSection(SolutionConfigurationPlatforms) = preSolution
		Debug|Any CPU = Debug|Any CPU
		Release|Any CPU = Release|Any CPU
	EndGlobalSection
	GlobalSection(ProjectConfigurationPlatforms) = postSolution
		{2EE82166-5AF0-47BC-A188-55E81C1F699B}.Debug|Any CPU.ActiveCfg = Debug|Any CPU
		{2EE82166-5AF0-47BC-A188-55E81C1F699B}.Debug|Any CPU.Build.0 = Debug|Any CPU
		{2EE82166-5AF0-47BC-A188-55E81C1F699B}.Release|Any CPU.ActiveCfg = Release|Any CPU
		{2EE82166-5AF0-47BC-A188-55E81C1F699B}.Release|Any CPU.Build.0 = Release|Any CPU
		{5A25D4BF-56BF-460A-8A27-0308D82D1022}.Debug|Any CPU.ActiveCfg = Debug|Any CPU
		{5A25D4BF-56BF-460A-8A27-0308D82D1022}.Debug|Any CPU.Build.0 = Debug|Any CPU
		{5A25D4BF-56BF-460A-8A27-0308D82D1022}.Release|Any CPU.ActiveCfg = Release|Any CPU
		{5A25D4BF-56BF-460A-8A27-0308D82D1022}.Release|Any CPU.Build.0 = Release|Any CPU
	EndGlobalSection
	GlobalSection(SolutionProperties) = preSolution
		HideSolutionNode = FALSE
	EndGlobalSection
	GlobalSection(ExtensibilityGlobals) = postSolution
		SolutionGuid = {F1BAE830-2D0C-4A3D-9067-E5A84DCF5C10}
	EndGlobalSection
EndGlobal
